// !$*UTF8*$!
{
	archiveVersion = 1;
	classes = {
	};
	objectVersion = 46;
	objects = {

/* Begin PBXBuildFile section */
		49935DFA1716D94F00FCAE14 /* UIKit.framework in Frameworks */ = {isa = PBXBuildFile; fileRef = 49935DF91716D94F00FCAE14 /* UIKit.framework */; };
		49935DFC1716D94F00FCAE14 /* Foundation.framework in Frameworks */ = {isa = PBXBuildFile; fileRef = 49935DFB1716D94F00FCAE14 /* Foundation.framework */; };
		49935DFE1716D94F00FCAE14 /* CoreGraphics.framework in Frameworks */ = {isa = PBXBuildFile; fileRef = 49935DFD1716D94F00FCAE14 /* CoreGraphics.framework */; };
		49935E041716D94F00FCAE14 /* InfoPlist.strings in Resources */ = {isa = PBXBuildFile; fileRef = 49935E021716D94F00FCAE14 /* InfoPlist.strings */; };
		49935E061716D94F00FCAE14 /* main.m in Sources */ = {isa = PBXBuildFile; fileRef = 49935E051716D94F00FCAE14 /* main.m */; };
		49935E0A1716D94F00FCAE14 /* AppDelegate.m in Sources */ = {isa = PBXBuildFile; fileRef = 49935E091716D94F00FCAE14 /* AppDelegate.m */; };
		49935E0C1716D94F00FCAE14 /* Default.png in Resources */ = {isa = PBXBuildFile; fileRef = 49935E0B1716D94F00FCAE14 /* Default.png */; };
		49935E0E1716D94F00FCAE14 /* Default@2x.png in Resources */ = {isa = PBXBuildFile; fileRef = 49935E0D1716D94F00FCAE14 /* Default@2x.png */; };
		49935E101716D94F00FCAE14 /* Default-568h@2x.png in Resources */ = {isa = PBXBuildFile; fileRef = 49935E0F1716D94F00FCAE14 /* Default-568h@2x.png */; };
		49935E131716D94F00FCAE14 /* ViewController.m in Sources */ = {isa = PBXBuildFile; fileRef = 49935E121716D94F00FCAE14 /* ViewController.m */; };
		49935E161716D94F00FCAE14 /* ViewController.xib in Resources */ = {isa = PBXBuildFile; fileRef = 49935E141716D94F00FCAE14 /* ViewController.xib */; };
		49935E1E1716D94F00FCAE14 /* SenTestingKit.framework in Frameworks */ = {isa = PBXBuildFile; fileRef = 49935E1D1716D94F00FCAE14 /* SenTestingKit.framework */; };
		49935E1F1716D94F00FCAE14 /* UIKit.framework in Frameworks */ = {isa = PBXBuildFile; fileRef = 49935DF91716D94F00FCAE14 /* UIKit.framework */; };
		49935E201716D94F00FCAE14 /* Foundation.framework in Frameworks */ = {isa = PBXBuildFile; fileRef = 49935DFB1716D94F00FCAE14 /* Foundation.framework */; };
		49935E281716D94F00FCAE14 /* InfoPlist.strings in Resources */ = {isa = PBXBuildFile; fileRef = 49935E261716D94F00FCAE14 /* InfoPlist.strings */; };
		49935E2B1716D94F00FCAE14 /* WWDCAlarmTests.m in Sources */ = {isa = PBXBuildFile; fileRef = 49935E2A1716D94F00FCAE14 /* WWDCAlarmTests.m */; };
		49935E481716DCB900FCAE14 /* AFHTTPClient.m in Sources */ = {isa = PBXBuildFile; fileRef = 49935E361716DCB900FCAE14 /* AFHTTPClient.m */; };
		49935E491716DCB900FCAE14 /* AFHTTPRequestOperation.m in Sources */ = {isa = PBXBuildFile; fileRef = 49935E381716DCB900FCAE14 /* AFHTTPRequestOperation.m */; };
		49935E4A1716DCB900FCAE14 /* AFImageRequestOperation.m in Sources */ = {isa = PBXBuildFile; fileRef = 49935E3A1716DCB900FCAE14 /* AFImageRequestOperation.m */; };
		49935E4B1716DCB900FCAE14 /* AFJSONRequestOperation.m in Sources */ = {isa = PBXBuildFile; fileRef = 49935E3C1716DCB900FCAE14 /* AFJSONRequestOperation.m */; };
		49935E4C1716DCB900FCAE14 /* AFNetworkActivityIndicatorManager.m in Sources */ = {isa = PBXBuildFile; fileRef = 49935E3E1716DCB900FCAE14 /* AFNetworkActivityIndicatorManager.m */; };
		49935E4D1716DCB900FCAE14 /* AFPropertyListRequestOperation.m in Sources */ = {isa = PBXBuildFile; fileRef = 49935E411716DCB900FCAE14 /* AFPropertyListRequestOperation.m */; };
		49935E4E1716DCB900FCAE14 /* AFURLConnectionOperation.m in Sources */ = {isa = PBXBuildFile; fileRef = 49935E431716DCB900FCAE14 /* AFURLConnectionOperation.m */; };
		49935E4F1716DCB900FCAE14 /* AFXMLRequestOperation.m in Sources */ = {isa = PBXBuildFile; fileRef = 49935E451716DCB900FCAE14 /* AFXMLRequestOperation.m */; };
		49935E501716DCB900FCAE14 /* UIImageView+AFNetworking.m in Sources */ = {isa = PBXBuildFile; fileRef = 49935E471716DCB900FCAE14 /* UIImageView+AFNetworking.m */; };
		49935E521716DCFA00FCAE14 /* SystemConfiguration.framework in Frameworks */ = {isa = PBXBuildFile; fileRef = 49935E511716DCFA00FCAE14 /* SystemConfiguration.framework */; };
		49935E541716DD1600FCAE14 /* MobileCoreServices.framework in Frameworks */ = {isa = PBXBuildFile; fileRef = 49935E531716DD1600FCAE14 /* MobileCoreServices.framework */; };
		B11859B71734A709000E0006 /* URLConnection.m in Sources */ = {isa = PBXBuildFile; fileRef = B11859B61734A709000E0006 /* URLConnection.m */; };
/* End PBXBuildFile section */

/* Begin PBXContainerItemProxy section */
		49935E211716D94F00FCAE14 /* PBXContainerItemProxy */ = {
			isa = PBXContainerItemProxy;
			containerPortal = 49935DEE1716D94F00FCAE14 /* Project object */;
			proxyType = 1;
			remoteGlobalIDString = 49935DF51716D94F00FCAE14;
			remoteInfo = WWDCAlarm;
		};
/* End PBXContainerItemProxy section */

/* Begin PBXFileReference section */
		49935DF61716D94F00FCAE14 /* WWDCAlarm.app */ = {isa = PBXFileReference; explicitFileType = wrapper.application; includeInIndex = 0; path = WWDCAlarm.app; sourceTree = BUILT_PRODUCTS_DIR; };
		49935DF91716D94F00FCAE14 /* UIKit.framework */ = {isa = PBXFileReference; lastKnownFileType = wrapper.framework; name = UIKit.framework; path = System/Library/Frameworks/UIKit.framework; sourceTree = SDKROOT; };
		49935DFB1716D94F00FCAE14 /* Foundation.framework */ = {isa = PBXFileReference; lastKnownFileType = wrapper.framework; name = Foundation.framework; path = System/Library/Frameworks/Foundation.framework; sourceTree = SDKROOT; };
		49935DFD1716D94F00FCAE14 /* CoreGraphics.framework */ = {isa = PBXFileReference; lastKnownFileType = wrapper.framework; name = CoreGraphics.framework; path = System/Library/Frameworks/CoreGraphics.framework; sourceTree = SDKROOT; };
		49935E011716D94F00FCAE14 /* WWDCAlarm-Info.plist */ = {isa = PBXFileReference; lastKnownFileType = text.plist.xml; path = "WWDCAlarm-Info.plist"; sourceTree = "<group>"; };
		49935E031716D94F00FCAE14 /* en */ = {isa = PBXFileReference; lastKnownFileType = text.plist.strings; name = en; path = en.lproj/InfoPlist.strings; sourceTree = "<group>"; };
		49935E051716D94F00FCAE14 /* main.m */ = {isa = PBXFileReference; lastKnownFileType = sourcecode.c.objc; path = main.m; sourceTree = "<group>"; };
		49935E071716D94F00FCAE14 /* WWDCAlarm-Prefix.pch */ = {isa = PBXFileReference; lastKnownFileType = sourcecode.c.h; path = "WWDCAlarm-Prefix.pch"; sourceTree = "<group>"; };
		49935E081716D94F00FCAE14 /* AppDelegate.h */ = {isa = PBXFileReference; lastKnownFileType = sourcecode.c.h; path = AppDelegate.h; sourceTree = "<group>"; };
		49935E091716D94F00FCAE14 /* AppDelegate.m */ = {isa = PBXFileReference; lastKnownFileType = sourcecode.c.objc; path = AppDelegate.m; sourceTree = "<group>"; };
		49935E0B1716D94F00FCAE14 /* Default.png */ = {isa = PBXFileReference; lastKnownFileType = image.png; path = Default.png; sourceTree = "<group>"; };
		49935E0D1716D94F00FCAE14 /* Default@2x.png */ = {isa = PBXFileReference; lastKnownFileType = image.png; path = "Default@2x.png"; sourceTree = "<group>"; };
		49935E0F1716D94F00FCAE14 /* Default-568h@2x.png */ = {isa = PBXFileReference; lastKnownFileType = image.png; path = "Default-568h@2x.png"; sourceTree = "<group>"; };
		49935E111716D94F00FCAE14 /* ViewController.h */ = {isa = PBXFileReference; lastKnownFileType = sourcecode.c.h; path = ViewController.h; sourceTree = "<group>"; };
		49935E121716D94F00FCAE14 /* ViewController.m */ = {isa = PBXFileReference; lastKnownFileType = sourcecode.c.objc; path = ViewController.m; sourceTree = "<group>"; };
		49935E151716D94F00FCAE14 /* en */ = {isa = PBXFileReference; lastKnownFileType = file.xib; name = en; path = en.lproj/ViewController.xib; sourceTree = "<group>"; };
		49935E1C1716D94F00FCAE14 /* WWDCAlarmTests.octest */ = {isa = PBXFileReference; explicitFileType = wrapper.cfbundle; includeInIndex = 0; path = WWDCAlarmTests.octest; sourceTree = BUILT_PRODUCTS_DIR; };
		49935E1D1716D94F00FCAE14 /* SenTestingKit.framework */ = {isa = PBXFileReference; lastKnownFileType = wrapper.framework; name = SenTestingKit.framework; path = Library/Frameworks/SenTestingKit.framework; sourceTree = DEVELOPER_DIR; };
		49935E251716D94F00FCAE14 /* WWDCAlarmTests-Info.plist */ = {isa = PBXFileReference; lastKnownFileType = text.plist.xml; path = "WWDCAlarmTests-Info.plist"; sourceTree = "<group>"; };
		49935E271716D94F00FCAE14 /* en */ = {isa = PBXFileReference; lastKnownFileType = text.plist.strings; name = en; path = en.lproj/InfoPlist.strings; sourceTree = "<group>"; };
		49935E291716D94F00FCAE14 /* WWDCAlarmTests.h */ = {isa = PBXFileReference; lastKnownFileType = sourcecode.c.h; path = WWDCAlarmTests.h; sourceTree = "<group>"; };
		49935E2A1716D94F00FCAE14 /* WWDCAlarmTests.m */ = {isa = PBXFileReference; lastKnownFileType = sourcecode.c.objc; path = WWDCAlarmTests.m; sourceTree = "<group>"; };
		49935E351716DCB900FCAE14 /* AFHTTPClient.h */ = {isa = PBXFileReference; fileEncoding = 4; lastKnownFileType = sourcecode.c.h; path = AFHTTPClient.h; sourceTree = "<group>"; };
		49935E361716DCB900FCAE14 /* AFHTTPClient.m */ = {isa = PBXFileReference; fileEncoding = 4; lastKnownFileType = sourcecode.c.objc; path = AFHTTPClient.m; sourceTree = "<group>"; };
		49935E371716DCB900FCAE14 /* AFHTTPRequestOperation.h */ = {isa = PBXFileReference; fileEncoding = 4; lastKnownFileType = sourcecode.c.h; path = AFHTTPRequestOperation.h; sourceTree = "<group>"; };
		49935E381716DCB900FCAE14 /* AFHTTPRequestOperation.m */ = {isa = PBXFileReference; fileEncoding = 4; lastKnownFileType = sourcecode.c.objc; path = AFHTTPRequestOperation.m; sourceTree = "<group>"; };
		49935E391716DCB900FCAE14 /* AFImageRequestOperation.h */ = {isa = PBXFileReference; fileEncoding = 4; lastKnownFileType = sourcecode.c.h; path = AFImageRequestOperation.h; sourceTree = "<group>"; };
		49935E3A1716DCB900FCAE14 /* AFImageRequestOperation.m */ = {isa = PBXFileReference; fileEncoding = 4; lastKnownFileType = sourcecode.c.objc; path = AFImageRequestOperation.m; sourceTree = "<group>"; };
		49935E3B1716DCB900FCAE14 /* AFJSONRequestOperation.h */ = {isa = PBXFileReference; fileEncoding = 4; lastKnownFileType = sourcecode.c.h; path = AFJSONRequestOperation.h; sourceTree = "<group>"; };
		49935E3C1716DCB900FCAE14 /* AFJSONRequestOperation.m */ = {isa = PBXFileReference; fileEncoding = 4; lastKnownFileType = sourcecode.c.objc; path = AFJSONRequestOperation.m; sourceTree = "<group>"; };
		49935E3D1716DCB900FCAE14 /* AFNetworkActivityIndicatorManager.h */ = {isa = PBXFileReference; fileEncoding = 4; lastKnownFileType = sourcecode.c.h; path = AFNetworkActivityIndicatorManager.h; sourceTree = "<group>"; };
		49935E3E1716DCB900FCAE14 /* AFNetworkActivityIndicatorManager.m */ = {isa = PBXFileReference; fileEncoding = 4; lastKnownFileType = sourcecode.c.objc; path = AFNetworkActivityIndicatorManager.m; sourceTree = "<group>"; };
		49935E3F1716DCB900FCAE14 /* AFNetworking.h */ = {isa = PBXFileReference; fileEncoding = 4; lastKnownFileType = sourcecode.c.h; path = AFNetworking.h; sourceTree = "<group>"; };
		49935E401716DCB900FCAE14 /* AFPropertyListRequestOperation.h */ = {isa = PBXFileReference; fileEncoding = 4; lastKnownFileType = sourcecode.c.h; path = AFPropertyListRequestOperation.h; sourceTree = "<group>"; };
		49935E411716DCB900FCAE14 /* AFPropertyListRequestOperation.m */ = {isa = PBXFileReference; fileEncoding = 4; lastKnownFileType = sourcecode.c.objc; path = AFPropertyListRequestOperation.m; sourceTree = "<group>"; };
		49935E421716DCB900FCAE14 /* AFURLConnectionOperation.h */ = {isa = PBXFileReference; fileEncoding = 4; lastKnownFileType = sourcecode.c.h; path = AFURLConnectionOperation.h; sourceTree = "<group>"; };
		49935E431716DCB900FCAE14 /* AFURLConnectionOperation.m */ = {isa = PBXFileReference; fileEncoding = 4; lastKnownFileType = sourcecode.c.objc; path = AFURLConnectionOperation.m; sourceTree = "<group>"; };
		49935E441716DCB900FCAE14 /* AFXMLRequestOperation.h */ = {isa = PBXFileReference; fileEncoding = 4; lastKnownFileType = sourcecode.c.h; path = AFXMLRequestOperation.h; sourceTree = "<group>"; };
		49935E451716DCB900FCAE14 /* AFXMLRequestOperation.m */ = {isa = PBXFileReference; fileEncoding = 4; lastKnownFileType = sourcecode.c.objc; path = AFXMLRequestOperation.m; sourceTree = "<group>"; };
		49935E461716DCB900FCAE14 /* UIImageView+AFNetworking.h */ = {isa = PBXFileReference; fileEncoding = 4; lastKnownFileType = sourcecode.c.h; path = "UIImageView+AFNetworking.h"; sourceTree = "<group>"; };
		49935E471716DCB900FCAE14 /* UIImageView+AFNetworking.m */ = {isa = PBXFileReference; fileEncoding = 4; lastKnownFileType = sourcecode.c.objc; path = "UIImageView+AFNetworking.m"; sourceTree = "<group>"; };
		49935E511716DCFA00FCAE14 /* SystemConfiguration.framework */ = {isa = PBXFileReference; lastKnownFileType = wrapper.framework; name = SystemConfiguration.framework; path = System/Library/Frameworks/SystemConfiguration.framework; sourceTree = SDKROOT; };
		49935E531716DD1600FCAE14 /* MobileCoreServices.framework */ = {isa = PBXFileReference; lastKnownFileType = wrapper.framework; name = MobileCoreServices.framework; path = System/Library/Frameworks/MobileCoreServices.framework; sourceTree = SDKROOT; };
		B11859B51734A709000E0006 /* URLConnection.h */ = {isa = PBXFileReference; fileEncoding = 4; lastKnownFileType = sourcecode.c.h; path = URLConnection.h; sourceTree = "<group>"; };
		B11859B61734A709000E0006 /* URLConnection.m */ = {isa = PBXFileReference; fileEncoding = 4; lastKnownFileType = sourcecode.c.objc; path = URLConnection.m; sourceTree = "<group>"; };
/* End PBXFileReference section */

/* Begin PBXFrameworksBuildPhase section */
		49935DF31716D94F00FCAE14 /* Frameworks */ = {
			isa = PBXFrameworksBuildPhase;
			buildActionMask = 2147483647;
			files = (
				49935E541716DD1600FCAE14 /* MobileCoreServices.framework in Frameworks */,
				49935E521716DCFA00FCAE14 /* SystemConfiguration.framework in Frameworks */,
				49935DFA1716D94F00FCAE14 /* UIKit.framework in Frameworks */,
				49935DFC1716D94F00FCAE14 /* Foundation.framework in Frameworks */,
				49935DFE1716D94F00FCAE14 /* CoreGraphics.framework in Frameworks */,
			);
			runOnlyForDeploymentPostprocessing = 0;
		};
		49935E181716D94F00FCAE14 /* Frameworks */ = {
			isa = PBXFrameworksBuildPhase;
			buildActionMask = 2147483647;
			files = (
				49935E1E1716D94F00FCAE14 /* SenTestingKit.framework in Frameworks */,
				49935E1F1716D94F00FCAE14 /* UIKit.framework in Frameworks */,
				49935E201716D94F00FCAE14 /* Foundation.framework in Frameworks */,
			);
			runOnlyForDeploymentPostprocessing = 0;
		};
/* End PBXFrameworksBuildPhase section */

/* Begin PBXGroup section */
		49935DED1716D94F00FCAE14 = {
			isa = PBXGroup;
			children = (
				49935DFF1716D94F00FCAE14 /* WWDCAlarm */,
				49935E231716D94F00FCAE14 /* WWDCAlarmTests */,
				49935DF81716D94F00FCAE14 /* Frameworks */,
				49935DF71716D94F00FCAE14 /* Products */,
			);
			sourceTree = "<group>";
		};
		49935DF71716D94F00FCAE14 /* Products */ = {
			isa = PBXGroup;
			children = (
				49935DF61716D94F00FCAE14 /* WWDCAlarm.app */,
				49935E1C1716D94F00FCAE14 /* WWDCAlarmTests.octest */,
			);
			name = Products;
			sourceTree = "<group>";
		};
		49935DF81716D94F00FCAE14 /* Frameworks */ = {
			isa = PBXGroup;
			children = (
				49935E531716DD1600FCAE14 /* MobileCoreServices.framework */,
				49935E511716DCFA00FCAE14 /* SystemConfiguration.framework */,
				49935DF91716D94F00FCAE14 /* UIKit.framework */,
				49935DFB1716D94F00FCAE14 /* Foundation.framework */,
				49935DFD1716D94F00FCAE14 /* CoreGraphics.framework */,
				49935E1D1716D94F00FCAE14 /* SenTestingKit.framework */,
			);
			name = Frameworks;
			sourceTree = "<group>";
		};
		49935DFF1716D94F00FCAE14 /* WWDCAlarm */ = {
			isa = PBXGroup;
			children = (
				B11859B41734A709000E0006 /* Utility */,
				49935E081716D94F00FCAE14 /* AppDelegate.h */,
				49935E091716D94F00FCAE14 /* AppDelegate.m */,
				49935E111716D94F00FCAE14 /* ViewController.h */,
				49935E121716D94F00FCAE14 /* ViewController.m */,
				49935E141716D94F00FCAE14 /* ViewController.xib */,
				49935E341716DCB900FCAE14 /* AFNetworking */,
				49935E001716D94F00FCAE14 /* Supporting Files */,
			);
			path = WWDCAlarm;
			sourceTree = "<group>";
		};
		49935E001716D94F00FCAE14 /* Supporting Files */ = {
			isa = PBXGroup;
			children = (
				49935E011716D94F00FCAE14 /* WWDCAlarm-Info.plist */,
				49935E021716D94F00FCAE14 /* InfoPlist.strings */,
				49935E051716D94F00FCAE14 /* main.m */,
				49935E071716D94F00FCAE14 /* WWDCAlarm-Prefix.pch */,
				49935E0B1716D94F00FCAE14 /* Default.png */,
				49935E0D1716D94F00FCAE14 /* Default@2x.png */,
				49935E0F1716D94F00FCAE14 /* Default-568h@2x.png */,
			);
			name = "Supporting Files";
			sourceTree = "<group>";
		};
		49935E231716D94F00FCAE14 /* WWDCAlarmTests */ = {
			isa = PBXGroup;
			children = (
				49935E291716D94F00FCAE14 /* WWDCAlarmTests.h */,
				49935E2A1716D94F00FCAE14 /* WWDCAlarmTests.m */,
				49935E241716D94F00FCAE14 /* Supporting Files */,
			);
			path = WWDCAlarmTests;
			sourceTree = "<group>";
		};
		49935E241716D94F00FCAE14 /* Supporting Files */ = {
			isa = PBXGroup;
			children = (
				49935E251716D94F00FCAE14 /* WWDCAlarmTests-Info.plist */,
				49935E261716D94F00FCAE14 /* InfoPlist.strings */,
			);
			name = "Supporting Files";
			sourceTree = "<group>";
		};
		49935E341716DCB900FCAE14 /* AFNetworking */ = {
			isa = PBXGroup;
			children = (
				49935E351716DCB900FCAE14 /* AFHTTPClient.h */,
				49935E361716DCB900FCAE14 /* AFHTTPClient.m */,
				49935E371716DCB900FCAE14 /* AFHTTPRequestOperation.h */,
				49935E381716DCB900FCAE14 /* AFHTTPRequestOperation.m */,
				49935E391716DCB900FCAE14 /* AFImageRequestOperation.h */,
				49935E3A1716DCB900FCAE14 /* AFImageRequestOperation.m */,
				49935E3B1716DCB900FCAE14 /* AFJSONRequestOperation.h */,
				49935E3C1716DCB900FCAE14 /* AFJSONRequestOperation.m */,
				49935E3D1716DCB900FCAE14 /* AFNetworkActivityIndicatorManager.h */,
				49935E3E1716DCB900FCAE14 /* AFNetworkActivityIndicatorManager.m */,
				49935E3F1716DCB900FCAE14 /* AFNetworking.h */,
				49935E401716DCB900FCAE14 /* AFPropertyListRequestOperation.h */,
				49935E411716DCB900FCAE14 /* AFPropertyListRequestOperation.m */,
				49935E421716DCB900FCAE14 /* AFURLConnectionOperation.h */,
				49935E431716DCB900FCAE14 /* AFURLConnectionOperation.m */,
				49935E441716DCB900FCAE14 /* AFXMLRequestOperation.h */,
				49935E451716DCB900FCAE14 /* AFXMLRequestOperation.m */,
				49935E461716DCB900FCAE14 /* UIImageView+AFNetworking.h */,
				49935E471716DCB900FCAE14 /* UIImageView+AFNetworking.m */,
			);
			path = AFNetworking;
			sourceTree = SOURCE_ROOT;
		};
		B11859B41734A709000E0006 /* Utility */ = {
			isa = PBXGroup;
			children = (
				B11859B51734A709000E0006 /* URLConnection.h */,
				B11859B61734A709000E0006 /* URLConnection.m */,
			);
			path = Utility;
			sourceTree = "<group>";
		};
/* End PBXGroup section */

/* Begin PBXNativeTarget section */
		49935DF51716D94F00FCAE14 /* WWDCAlarm */ = {
			isa = PBXNativeTarget;
			buildConfigurationList = 49935E2E1716D94F00FCAE14 /* Build configuration list for PBXNativeTarget "WWDCAlarm" */;
			buildPhases = (
				49935DF21716D94F00FCAE14 /* Sources */,
				49935DF31716D94F00FCAE14 /* Frameworks */,
				49935DF41716D94F00FCAE14 /* Resources */,
			);
			buildRules = (
			);
			dependencies = (
			);
			name = WWDCAlarm;
			productName = WWDCAlarm;
			productReference = 49935DF61716D94F00FCAE14 /* WWDCAlarm.app */;
			productType = "com.apple.product-type.application";
		};
		49935E1B1716D94F00FCAE14 /* WWDCAlarmTests */ = {
			isa = PBXNativeTarget;
			buildConfigurationList = 49935E311716D94F00FCAE14 /* Build configuration list for PBXNativeTarget "WWDCAlarmTests" */;
			buildPhases = (
				49935E171716D94F00FCAE14 /* Sources */,
				49935E181716D94F00FCAE14 /* Frameworks */,
				49935E191716D94F00FCAE14 /* Resources */,
				49935E1A1716D94F00FCAE14 /* ShellScript */,
			);
			buildRules = (
			);
			dependencies = (
				49935E221716D94F00FCAE14 /* PBXTargetDependency */,
			);
			name = WWDCAlarmTests;
			productName = WWDCAlarmTests;
			productReference = 49935E1C1716D94F00FCAE14 /* WWDCAlarmTests.octest */;
			productType = "com.apple.product-type.bundle";
		};
/* End PBXNativeTarget section */

/* Begin PBXProject section */
		49935DEE1716D94F00FCAE14 /* Project object */ = {
			isa = PBXProject;
			attributes = {
				LastUpgradeCheck = 0460;
				ORGANIZATIONNAME = Mikimoto;
			};
			buildConfigurationList = 49935DF11716D94F00FCAE14 /* Build configuration list for PBXProject "WWDCAlarm" */;
			compatibilityVersion = "Xcode 3.2";
			developmentRegion = English;
			hasScannedForEncodings = 0;
			knownRegions = (
				en,
			);
			mainGroup = 49935DED1716D94F00FCAE14;
			productRefGroup = 49935DF71716D94F00FCAE14 /* Products */;
			projectDirPath = "";
			projectRoot = "";
			targets = (
				49935DF51716D94F00FCAE14 /* WWDCAlarm */,
				49935E1B1716D94F00FCAE14 /* WWDCAlarmTests */,
			);
		};
/* End PBXProject section */

/* Begin PBXResourcesBuildPhase section */
		49935DF41716D94F00FCAE14 /* Resources */ = {
			isa = PBXResourcesBuildPhase;
			buildActionMask = 2147483647;
			files = (
				49935E041716D94F00FCAE14 /* InfoPlist.strings in Resources */,
				49935E0C1716D94F00FCAE14 /* Default.png in Resources */,
				49935E0E1716D94F00FCAE14 /* Default@2x.png in Resources */,
				49935E101716D94F00FCAE14 /* Default-568h@2x.png in Resources */,
				49935E161716D94F00FCAE14 /* ViewController.xib in Resources */,
			);
			runOnlyForDeploymentPostprocessing = 0;
		};
		49935E191716D94F00FCAE14 /* Resources */ = {
			isa = PBXResourcesBuildPhase;
			buildActionMask = 2147483647;
			files = (
				49935E281716D94F00FCAE14 /* InfoPlist.strings in Resources */,
			);
			runOnlyForDeploymentPostprocessing = 0;
		};
/* End PBXResourcesBuildPhase section */

/* Begin PBXShellScriptBuildPhase section */
		49935E1A1716D94F00FCAE14 /* ShellScript */ = {
			isa = PBXShellScriptBuildPhase;
			buildActionMask = 2147483647;
			files = (
			);
			inputPaths = (
			);
			outputPaths = (
			);
			runOnlyForDeploymentPostprocessing = 0;
			shellPath = /bin/sh;
			shellScript = "# Run the unit tests in this test bundle.\n\"${SYSTEM_DEVELOPER_DIR}/Tools/RunUnitTests\"\n";
		};
/* End PBXShellScriptBuildPhase section */

/* Begin PBXSourcesBuildPhase section */
		49935DF21716D94F00FCAE14 /* Sources */ = {
			isa = PBXSourcesBuildPhase;
			buildActionMask = 2147483647;
			files = (
				49935E061716D94F00FCAE14 /* main.m in Sources */,
				49935E0A1716D94F00FCAE14 /* AppDelegate.m in Sources */,
				49935E131716D94F00FCAE14 /* ViewController.m in Sources */,
				49935E481716DCB900FCAE14 /* AFHTTPClient.m in Sources */,
				49935E491716DCB900FCAE14 /* AFHTTPRequestOperation.m in Sources */,
				49935E4A1716DCB900FCAE14 /* AFImageRequestOperation.m in Sources */,
				49935E4B1716DCB900FCAE14 /* AFJSONRequestOperation.m in Sources */,
				49935E4C1716DCB900FCAE14 /* AFNetworkActivityIndicatorManager.m in Sources */,
				49935E4D1716DCB900FCAE14 /* AFPropertyListRequestOperation.m in Sources */,
				49935E4E1716DCB900FCAE14 /* AFURLConnectionOperation.m in Sources */,
				49935E4F1716DCB900FCAE14 /* AFXMLRequestOperation.m in Sources */,
				49935E501716DCB900FCAE14 /* UIImageView+AFNetworking.m in Sources */,
				B11859B71734A709000E0006 /* URLConnection.m in Sources */,
			);
			runOnlyForDeploymentPostprocessing = 0;
		};
		49935E171716D94F00FCAE14 /* Sources */ = {
			isa = PBXSourcesBuildPhase;
			buildActionMask = 2147483647;
			files = (
				49935E2B1716D94F00FCAE14 /* WWDCAlarmTests.m in Sources */,
			);
			runOnlyForDeploymentPostprocessing = 0;
		};
/* End PBXSourcesBuildPhase section */

/* Begin PBXTargetDependency section */
		49935E221716D94F00FCAE14 /* PBXTargetDependency */ = {
			isa = PBXTargetDependency;
			target = 49935DF51716D94F00FCAE14 /* WWDCAlarm */;
			targetProxy = 49935E211716D94F00FCAE14 /* PBXContainerItemProxy */;
		};
/* End PBXTargetDependency section */

/* Begin PBXVariantGroup section */
		49935E021716D94F00FCAE14 /* InfoPlist.strings */ = {
			isa = PBXVariantGroup;
			children = (
				49935E031716D94F00FCAE14 /* en */,
			);
			name = InfoPlist.strings;
			sourceTree = "<group>";
		};
		49935E141716D94F00FCAE14 /* ViewController.xib */ = {
			isa = PBXVariantGroup;
			children = (
				49935E151716D94F00FCAE14 /* en */,
			);
			name = ViewController.xib;
			sourceTree = "<group>";
		};
		49935E261716D94F00FCAE14 /* InfoPlist.strings */ = {
			isa = PBXVariantGroup;
			children = (
				49935E271716D94F00FCAE14 /* en */,
			);
			name = InfoPlist.strings;
			sourceTree = "<group>";
		};
/* End PBXVariantGroup section */

/* Begin XCBuildConfiguration section */
		49935E2C1716D94F00FCAE14 /* Debug */ = {
			isa = XCBuildConfiguration;
			buildSettings = {
				ALWAYS_SEARCH_USER_PATHS = NO;
				CLANG_CXX_LANGUAGE_STANDARD = "gnu++0x";
				CLANG_CXX_LIBRARY = "libc++";
				CLANG_ENABLE_OBJC_ARC = YES;
				CLANG_WARN_CONSTANT_CONVERSION = YES;
				CLANG_WARN_EMPTY_BODY = YES;
				CLANG_WARN_ENUM_CONVERSION = YES;
				CLANG_WARN_INT_CONVERSION = YES;
				CLANG_WARN__DUPLICATE_METHOD_MATCH = YES;
				"CODE_SIGN_IDENTITY[sdk=iphoneos*]" = "iPhone Developer";
				COPY_PHASE_STRIP = NO;
				GCC_C_LANGUAGE_STANDARD = gnu99;
				GCC_DYNAMIC_NO_PIC = NO;
				GCC_OPTIMIZATION_LEVEL = 0;
				GCC_PREPROCESSOR_DEFINITIONS = (
					"DEBUG=1",
					"$(inherited)",
				);
				GCC_SYMBOLS_PRIVATE_EXTERN = NO;
				GCC_WARN_ABOUT_RETURN_TYPE = YES;
				GCC_WARN_UNINITIALIZED_AUTOS = YES;
				GCC_WARN_UNUSED_VARIABLE = YES;
				IPHONEOS_DEPLOYMENT_TARGET = 6.1;
				ONLY_ACTIVE_ARCH = YES;
				SDKROOT = iphoneos;
			};
			name = Debug;
		};
		49935E2D1716D94F00FCAE14 /* Release */ = {
			isa = XCBuildConfiguration;
			buildSettings = {
				ALWAYS_SEARCH_USER_PATHS = NO;
				CLANG_CXX_LANGUAGE_STANDARD = "gnu++0x";
				CLANG_CXX_LIBRARY = "libc++";
				CLANG_ENABLE_OBJC_ARC = YES;
				CLANG_WARN_CONSTANT_CONVERSION = YES;
				CLANG_WARN_EMPTY_BODY = YES;
				CLANG_WARN_ENUM_CONVERSION = YES;
				CLANG_WARN_INT_CONVERSION = YES;
				CLANG_WARN__DUPLICATE_METHOD_MATCH = YES;
				"CODE_SIGN_IDENTITY[sdk=iphoneos*]" = "iPhone Developer";
				COPY_PHASE_STRIP = YES;
				GCC_C_LANGUAGE_STANDARD = gnu99;
				GCC_WARN_ABOUT_RETURN_TYPE = YES;
				GCC_WARN_UNINITIALIZED_AUTOS = YES;
				GCC_WARN_UNUSED_VARIABLE = YES;
				IPHONEOS_DEPLOYMENT_TARGET = 6.1;
				OTHER_CFLAGS = "-DNS_BLOCK_ASSERTIONS=1";
				SDKROOT = iphoneos;
				VALIDATE_PRODUCT = YES;
			};
			name = Release;
		};
		49935E2F1716D94F00FCAE14 /* Debug */ = {
			isa = XCBuildConfiguration;
			buildSettings = {
				GCC_PRECOMPILE_PREFIX_HEADER = YES;
				GCC_PREFIX_HEADER = "WWDCAlarm/WWDCAlarm-Prefix.pch";
				INFOPLIST_FILE = "WWDCAlarm/WWDCAlarm-Info.plist";
				PRODUCT_NAME = "$(TARGET_NAME)";
				WRAPPER_EXTENSION = app;
			};
			name = Debug;
		};
		49935E301716D94F00FCAE14 /* Release */ = {
			isa = XCBuildConfiguration;
			buildSettings = {
				GCC_PRECOMPILE_PREFIX_HEADER = YES;
				GCC_PREFIX_HEADER = "WWDCAlarm/WWDCAlarm-Prefix.pch";
				INFOPLIST_FILE = "WWDCAlarm/WWDCAlarm-Info.plist";
				PRODUCT_NAME = "$(TARGET_NAME)";
				WRAPPER_EXTENSION = app;
			};
			name = Release;
		};
		49935E321716D94F00FCAE14 /* Debug */ = {
			isa = XCBuildConfiguration;
			buildSettings = {
				BUNDLE_LOADER = "$(BUILT_PRODUCTS_DIR)/WWDCAlarm.app/WWDCAlarm";
				FRAMEWORK_SEARCH_PATHS = (
					"\"$(SDKROOT)/Developer/Library/Frameworks\"",
					"\"$(DEVELOPER_LIBRARY_DIR)/Frameworks\"",
				);
				GCC_PRECOMPILE_PREFIX_HEADER = YES;
				GCC_PREFIX_HEADER = "WWDCAlarm/WWDCAlarm-Prefix.pch";
				INFOPLIST_FILE = "WWDCAlarmTests/WWDCAlarmTests-Info.plist";
				PRODUCT_NAME = "$(TARGET_NAME)";
				TEST_HOST = "$(BUNDLE_LOADER)";
				WRAPPER_EXTENSION = octest;
			};
			name = Debug;
		};
		49935E331716D94F00FCAE14 /* Release */ = {
			isa = XCBuildConfiguration;
			buildSettings = {
				BUNDLE_LOADER = "$(BUILT_PRODUCTS_DIR)/WWDCAlarm.app/WWDCAlarm";
				FRAMEWORK_SEARCH_PATHS = (
					"\"$(SDKROOT)/Developer/Library/Frameworks\"",
					"\"$(DEVELOPER_LIBRARY_DIR)/Frameworks\"",
				);
				GCC_PRECOMPILE_PREFIX_HEADER = YES;
				GCC_PREFIX_HEADER = "WWDCAlarm/WWDCAlarm-Prefix.pch";
				INFOPLIST_FILE = "WWDCAlarmTests/WWDCAlarmTests-Info.plist";
				PRODUCT_NAME = "$(TARGET_NAME)";
				TEST_HOST = "$(BUNDLE_LOADER)";
				WRAPPER_EXTENSION = octest;
			};
			name = Release;
		};
/* End XCBuildConfiguration section */

/* Begin XCConfigurationList section */
		49935DF11716D94F00FCAE14 /* Build configuration list for PBXProject "WWDCAlarm" */ = {
			isa = XCConfigurationList;
			buildConfigurations = (
				49935E2C1716D94F00FCAE14 /* Debug */,
				49935E2D1716D94F00FCAE14 /* Release */,
			);
			defaultConfigurationIsVisible = 0;
			defaultConfigurationName = Release;
		};
		49935E2E1716D94F00FCAE14 /* Build configuration list for PBXNativeTarget "WWDCAlarm" */ = {
			isa = XCConfigurationList;
			buildConfigurations = (
				49935E2F1716D94F00FCAE14 /* Debug */,
				49935E301716D94F00FCAE14 /* Release */,
			);
			defaultConfigurationIsVisible = 0;
			defaultConfigurationName = Release;
		};
		49935E311716D94F00FCAE14 /* Build configuration list for PBXNativeTarget "WWDCAlarmTests" */ = {
			isa = XCConfigurationList;
			buildConfigurations = (
				49935E321716D94F00FCAE14 /* Debug */,
				49935E331716D94F00FCAE14 /* Release */,
			);
			defaultConfigurationIsVisible = 0;
			defaultConfigurationName = Release;
		};
/* End XCConfigurationList section */
	};
	rootObject = 49935DEE1716D94F00FCAE14 /* Project object */;
}
